
Microsoft Visual Studio Solution File, Format Version 12.00
# Visual Studio 15
VisualStudioVersion = 15.0.28307.106
MinimumVisualStudioVersion = 10.0.40219.1
Project("{FAE04EC0-301F-11D3-BF4B-00C04F79EFBC}") = "SignalRChat", "SignalRChat\SignalRChat.csproj", "{A0DE9400-3228-4E3F-9B98-20567E9D1DA7}"
EndProject
Global
	GlobalSection(SolutionConfigurationPlatforms) = preSolution
		Debug|Any CPU = Debug|Any CPU
		Release|Any CPU = Release|Any CPU
	EndGlobalSection
	GlobalSection(ProjectConfigurationPlatforms) = postSolution
		{A0DE9400-3228-4E3F-9B98-20567E9D1DA7}.Debug|Any CPU.ActiveCfg = Debug|Any CPU
		{A0DE9400-3228-4E3F-9B98-20567E9D1DA7}.Debug|Any CPU.Build.0 = Debug|Any CPU
		{A0DE9400-3228-4E3F-9B98-20567E9D1DA7}.Release|Any CPU.ActiveCfg = Release|Any CPU
		{A0DE9400-3228-4E3F-9B98-20567E9D1DA7}.Release|Any CPU.Build.0 = Release|Any CPU
	EndGlobalSection
	GlobalSection(SolutionProperties) = preSolution
		HideSolutionNode = FALSE
	EndGlobalSection
	GlobalSection(ExtensibilityGlobals) = postSolution
		SolutionGuid = {AA652E4A-2625-428D-B512-557DD04EE6F5}
	EndGlobalSection
EndGlobal
