
Microsoft Visual Studio Solution File, Format Version 12.00
# Visual Studio 15
VisualStudioVersion = 15.0.27703.2026
MinimumVisualStudioVersion = 10.0.40219.1
Project("{2150E333-8FDC-42A3-9474-1A3956D46DE8}") = "samples", "samples", "{FB7C0116-C2D5-44CE-80CE-2A3CEF187E19}"
EndProject
Project("{2150E333-8FDC-42A3-9474-1A3956D46DE8}") = "src", "src", "{A6981D1A-EFF7-40FA-B3DB-A43A9076DE44}"
EndProject
Project("{2150E333-8FDC-42A3-9474-1A3956D46DE8}") = "tests", "tests", "{24046833-E9A0-48E0-9499-DF18E3DEB0DD}"
EndProject
Project("{FAE04EC0-301F-11D3-BF4B-00C04F79EFBC}") = "MESF.Core.ServiceManagement.Tests", "Test\MESF.Core.ServiceManagement.Tests\MESF.Core.ServiceManagement.Tests.csproj", "{3599A45E-2753-475B-ABA0-FDE4CEAB6E49}"
EndProject
Project("{9A19103F-16F7-4668-BE54-9A1E7A4F7556}") = "SampleServiceManagement.AspNetCore", "samples\SampleServiceManagement.AspNetCore\SampleServiceManagement.AspNetCore.csproj", "{62C3E957-DE48-457D-807D-B89B79123064}"
EndProject
Project("{E53339B2-1760-4266-BCC7-CA923CBCF16C}") = "docker-compose", "docker-compose.dcproj", "{17DC3B8D-2248-4E15-B535-03D04C97696F}"
EndProject
Project("{9A19103F-16F7-4668-BE54-9A1E7A4F7556}") = "MESF.Core.ServiceManagement", "src\MESF.Core.ServiceManagement\MESF.Core.ServiceManagement.csproj", "{A7A66B11-BE73-4D28-A78C-226A219FC34F}"
EndProject
Global
	GlobalSection(SolutionConfigurationPlatforms) = preSolution
		Debug|Any CPU = Debug|Any CPU
		Release|Any CPU = Release|Any CPU
	EndGlobalSection
	GlobalSection(ProjectConfigurationPlatforms) = postSolution
		{3599A45E-2753-475B-ABA0-FDE4CEAB6E49}.Debug|Any CPU.ActiveCfg = Debug|Any CPU
		{3599A45E-2753-475B-ABA0-FDE4CEAB6E49}.Debug|Any CPU.Build.0 = Debug|Any CPU
		{3599A45E-2753-475B-ABA0-FDE4CEAB6E49}.Release|Any CPU.ActiveCfg = Release|Any CPU
		{3599A45E-2753-475B-ABA0-FDE4CEAB6E49}.Release|Any CPU.Build.0 = Release|Any CPU
		{62C3E957-DE48-457D-807D-B89B79123064}.Debug|Any CPU.ActiveCfg = Debug|Any CPU
		{62C3E957-DE48-457D-807D-B89B79123064}.Debug|Any CPU.Build.0 = Debug|Any CPU
		{62C3E957-DE48-457D-807D-B89B79123064}.Release|Any CPU.ActiveCfg = Release|Any CPU
		{62C3E957-DE48-457D-807D-B89B79123064}.Release|Any CPU.Build.0 = Release|Any CPU
		{17DC3B8D-2248-4E15-B535-03D04C97696F}.Debug|Any CPU.ActiveCfg = Debug|Any CPU
		{17DC3B8D-2248-4E15-B535-03D04C97696F}.Debug|Any CPU.Build.0 = Debug|Any CPU
		{17DC3B8D-2248-4E15-B535-03D04C97696F}.Release|Any CPU.ActiveCfg = Release|Any CPU
		{17DC3B8D-2248-4E15-B535-03D04C97696F}.Release|Any CPU.Build.0 = Release|Any CPU
		{A7A66B11-BE73-4D28-A78C-226A219FC34F}.Debug|Any CPU.ActiveCfg = Debug|Any CPU
		{A7A66B11-BE73-4D28-A78C-226A219FC34F}.Debug|Any CPU.Build.0 = Debug|Any CPU
		{A7A66B11-BE73-4D28-A78C-226A219FC34F}.Release|Any CPU.ActiveCfg = Release|Any CPU
		{A7A66B11-BE73-4D28-A78C-226A219FC34F}.Release|Any CPU.Build.0 = Release|Any CPU
	EndGlobalSection
	GlobalSection(SolutionProperties) = preSolution
		HideSolutionNode = FALSE
	EndGlobalSection
	GlobalSection(NestedProjects) = preSolution
		{3599A45E-2753-475B-ABA0-FDE4CEAB6E49} = {24046833-E9A0-48E0-9499-DF18E3DEB0DD}
		{62C3E957-DE48-457D-807D-B89B79123064} = {FB7C0116-C2D5-44CE-80CE-2A3CEF187E19}
		{A7A66B11-BE73-4D28-A78C-226A219FC34F} = {A6981D1A-EFF7-40FA-B3DB-A43A9076DE44}
	EndGlobalSection
	GlobalSection(ExtensibilityGlobals) = postSolution
		SolutionGuid = {069EFEFB-8335-4B92-9A42-4EC9C1019A9F}
	EndGlobalSection
EndGlobal
