
Microsoft Visual Studio Solution File, Format Version 12.00
# Visual Studio 15
VisualStudioVersion = 15.0.27703.2026
MinimumVisualStudioVersion = 10.0.40219.1
Project("{9A19103F-16F7-4668-BE54-9A1E7A4F7556}") = "MESF.Core.ServiceManagement", "src\MESF.Core.ServiceManagement\MESF.Core.ServiceManagement.csproj", "{E8A066B8-0A28-43A5-9CFC-8B372049C2A3}"
EndProject
Project("{2150E333-8FDC-42A3-9474-1A3956D46DE8}") = "samples", "samples", "{ECB70201-9D6A-4D76-B905-E7B5219FA97C}"
EndProject
Project("{2150E333-8FDC-42A3-9474-1A3956D46DE8}") = "src", "src", "{4376F066-7A8F-411A-A3E1-5C0FD58A9F46}"
EndProject
Project("{FAE04EC0-301F-11D3-BF4B-00C04F79EFBC}") = "SampleServiceManagement.AspNetCore", "samples\SampleServiceManagement.AspNetCore\SampleServiceManagement.AspNetCore.csproj", "{42C2BB08-086E-4DD3-9A10-8D51566D2DB5}"
EndProject
Project("{E53339B2-1760-4266-BCC7-CA923CBCF16C}") = "docker-compose", "docker-compose.dcproj", "{F4D29FC4-F371-4CC1-B556-4B31051C85F5}"
EndProject
Global
	GlobalSection(SolutionConfigurationPlatforms) = preSolution
		Debug|Any CPU = Debug|Any CPU
		Release|Any CPU = Release|Any CPU
	EndGlobalSection
	GlobalSection(ProjectConfigurationPlatforms) = postSolution
		{E8A066B8-0A28-43A5-9CFC-8B372049C2A3}.Debug|Any CPU.ActiveCfg = Debug|Any CPU
		{E8A066B8-0A28-43A5-9CFC-8B372049C2A3}.Debug|Any CPU.Build.0 = Debug|Any CPU
		{E8A066B8-0A28-43A5-9CFC-8B372049C2A3}.Release|Any CPU.ActiveCfg = Release|Any CPU
		{E8A066B8-0A28-43A5-9CFC-8B372049C2A3}.Release|Any CPU.Build.0 = Release|Any CPU
		{42C2BB08-086E-4DD3-9A10-8D51566D2DB5}.Debug|Any CPU.ActiveCfg = Debug|Any CPU
		{42C2BB08-086E-4DD3-9A10-8D51566D2DB5}.Debug|Any CPU.Build.0 = Debug|Any CPU
		{42C2BB08-086E-4DD3-9A10-8D51566D2DB5}.Release|Any CPU.ActiveCfg = Release|Any CPU
		{42C2BB08-086E-4DD3-9A10-8D51566D2DB5}.Release|Any CPU.Build.0 = Release|Any CPU
		{F4D29FC4-F371-4CC1-B556-4B31051C85F5}.Debug|Any CPU.ActiveCfg = Debug|Any CPU
		{F4D29FC4-F371-4CC1-B556-4B31051C85F5}.Debug|Any CPU.Build.0 = Debug|Any CPU
		{F4D29FC4-F371-4CC1-B556-4B31051C85F5}.Release|Any CPU.ActiveCfg = Release|Any CPU
		{F4D29FC4-F371-4CC1-B556-4B31051C85F5}.Release|Any CPU.Build.0 = Release|Any CPU
	EndGlobalSection
	GlobalSection(SolutionProperties) = preSolution
		HideSolutionNode = FALSE
	EndGlobalSection
	GlobalSection(NestedProjects) = preSolution
		{E8A066B8-0A28-43A5-9CFC-8B372049C2A3} = {4376F066-7A8F-411A-A3E1-5C0FD58A9F46}
		{42C2BB08-086E-4DD3-9A10-8D51566D2DB5} = {ECB70201-9D6A-4D76-B905-E7B5219FA97C}
	EndGlobalSection
	GlobalSection(ExtensibilityGlobals) = postSolution
		SolutionGuid = {300B357D-13C4-4DA3-BCA8-C3E2735A9AFC}
	EndGlobalSection
EndGlobal
